
Microsoft Visual Studio Solution File, Format Version 12.00
# Visual Studio Version 16
VisualStudioVersion = 16.0.29306.81
MinimumVisualStudioVersion = 10.0.40219.1
Project("{FAE04EC0-301F-11D3-BF4B-00C04F79EFBC}") = "Wpf_coffeeMaker", "Wpf_coffeeMaker\Wpf_coffeeMaker.csproj", "{933FE5BE-F254-4857-8EBE-8DCA9EA22CF1}"
EndProject
Project("{FAE04EC0-301F-11D3-BF4B-00C04F79EFBC}") = "myEmguLibrary", "..\myEmguTools\myEmguLibrary\myEmguLibrary.csproj", "{5C021EB8-70A5-4884-AD9F-C0F6EA75876C}"
EndProject
Project("{FAE04EC0-301F-11D3-BF4B-00C04F79EFBC}") = "CS_UrRobot", "..\CS_UrRobot\PC\CS_UrRobot\CS_UrRobot.csproj", "{E990C276-C9E3-471A-9C57-7DCE2C6F0718}"
EndProject
Global
	GlobalSection(SolutionConfigurationPlatforms) = preSolution
		Debug|Any CPU = Debug|Any CPU
		Debug|x64 = Debug|x64
		Release|Any CPU = Release|Any CPU
		Release|x64 = Release|x64
	EndGlobalSection
	GlobalSection(ProjectConfigurationPlatforms) = postSolution
		{933FE5BE-F254-4857-8EBE-8DCA9EA22CF1}.Debug|Any CPU.ActiveCfg = Debug|Any CPU
		{933FE5BE-F254-4857-8EBE-8DCA9EA22CF1}.Debug|Any CPU.Build.0 = Debug|Any CPU
		{933FE5BE-F254-4857-8EBE-8DCA9EA22CF1}.Debug|x64.ActiveCfg = Debug|x64
		{933FE5BE-F254-4857-8EBE-8DCA9EA22CF1}.Debug|x64.Build.0 = Debug|x64
		{933FE5BE-F254-4857-8EBE-8DCA9EA22CF1}.Release|Any CPU.ActiveCfg = Release|Any CPU
		{933FE5BE-F254-4857-8EBE-8DCA9EA22CF1}.Release|Any CPU.Build.0 = Release|Any CPU
		{933FE5BE-F254-4857-8EBE-8DCA9EA22CF1}.Release|x64.ActiveCfg = Release|x64
		{933FE5BE-F254-4857-8EBE-8DCA9EA22CF1}.Release|x64.Build.0 = Release|x64
		{5C021EB8-70A5-4884-AD9F-C0F6EA75876C}.Debug|Any CPU.ActiveCfg = Debug|Any CPU
		{5C021EB8-70A5-4884-AD9F-C0F6EA75876C}.Debug|Any CPU.Build.0 = Debug|Any CPU
		{5C021EB8-70A5-4884-AD9F-C0F6EA75876C}.Debug|x64.ActiveCfg = Debug|Any CPU
		{5C021EB8-70A5-4884-AD9F-C0F6EA75876C}.Debug|x64.Build.0 = Debug|Any CPU
		{5C021EB8-70A5-4884-AD9F-C0F6EA75876C}.Release|Any CPU.ActiveCfg = Release|Any CPU
		{5C021EB8-70A5-4884-AD9F-C0F6EA75876C}.Release|Any CPU.Build.0 = Release|Any CPU
		{5C021EB8-70A5-4884-AD9F-C0F6EA75876C}.Release|x64.ActiveCfg = Release|Any CPU
		{5C021EB8-70A5-4884-AD9F-C0F6EA75876C}.Release|x64.Build.0 = Release|Any CPU
		{E990C276-C9E3-471A-9C57-7DCE2C6F0718}.Debug|Any CPU.ActiveCfg = Debug|Any CPU
		{E990C276-C9E3-471A-9C57-7DCE2C6F0718}.Debug|Any CPU.Build.0 = Debug|Any CPU
		{E990C276-C9E3-471A-9C57-7DCE2C6F0718}.Debug|x64.ActiveCfg = Debug|Any CPU
		{E990C276-C9E3-471A-9C57-7DCE2C6F0718}.Debug|x64.Build.0 = Debug|Any CPU
		{E990C276-C9E3-471A-9C57-7DCE2C6F0718}.Release|Any CPU.ActiveCfg = Release|Any CPU
		{E990C276-C9E3-471A-9C57-7DCE2C6F0718}.Release|Any CPU.Build.0 = Release|Any CPU
		{E990C276-C9E3-471A-9C57-7DCE2C6F0718}.Release|x64.ActiveCfg = Release|Any CPU
		{E990C276-C9E3-471A-9C57-7DCE2C6F0718}.Release|x64.Build.0 = Release|Any CPU
	EndGlobalSection
	GlobalSection(SolutionProperties) = preSolution
		HideSolutionNode = FALSE
	EndGlobalSection
	GlobalSection(ExtensibilityGlobals) = postSolution
		SolutionGuid = {A605E155-B1D6-4D67-8139-A21C048F85CA}
	EndGlobalSection
EndGlobal
